
Microsoft Visual Studio Solution File, Format Version 12.00
# Visual Studio Version 17
VisualStudioVersion = 17.8.34601.278
MinimumVisualStudioVersion = 10.0.40219.1
Project("{FAE04EC0-301F-11D3-BF4B-00C04F79EFBC}") = "SapphireSports", "SapphireSports\SapphireSports.csproj", "{B0F278D7-06A1-44C2-A193-AA3B479516FA}"
EndProject
Global
	GlobalSection(SolutionConfigurationPlatforms) = preSolution
		Debug|Any CPU = Debug|Any CPU
		Release|Any CPU = Release|Any CPU
	EndGlobalSection
	GlobalSection(ProjectConfigurationPlatforms) = postSolution
		{B0F278D7-06A1-44C2-A193-AA3B479516FA}.Debug|Any CPU.ActiveCfg = Debug|Any CPU
		{B0F278D7-06A1-44C2-A193-AA3B479516FA}.Debug|Any CPU.Build.0 = Debug|Any CPU
		{B0F278D7-06A1-44C2-A193-AA3B479516FA}.Release|Any CPU.ActiveCfg = Release|Any CPU
		{B0F278D7-06A1-44C2-A193-AA3B479516FA}.Release|Any CPU.Build.0 = Release|Any CPU
	EndGlobalSection
	GlobalSection(SolutionProperties) = preSolution
		HideSolutionNode = FALSE
	EndGlobalSection
	GlobalSection(ExtensibilityGlobals) = postSolution
		SolutionGuid = {B8BC07CE-01CB-48C6-96D4-E176EF702128}
	EndGlobalSection
EndGlobal
